{
  "name": "system-gql",
  "version": "0.0.1",
  "lockfileVersion": 1,
  "requires": true,
  "dependencies": {
    "accepts": {
      "version": "https://npm.paypal.com/repository/npm-all/accepts/-/accepts-1.3.4.tgz",
      "integrity": "sha1-hiRnWMfdbSGmR0/whKR0DsBesh8=",
      "requires": {
        "mime-types": "https://npm.paypal.com/repository/npm-all/mime-types/-/mime-types-2.1.17.tgz",
        "negotiator": "http://npm.paypal.com/repository/npm-all/negotiator/-/negotiator-0.6.1.tgz"
      }
    },
    "apollo-cache-control": {
      "version": "https://registry.npmjs.org/apollo-cache-control/-/apollo-cache-control-0.0.7.tgz",
      "integrity": "sha1-/+9WQTpCmhziBL5beNJIxP47Z6w=",
      "requires": {
        "graphql-extensions": "https://registry.npmjs.org/graphql-extensions/-/graphql-extensions-0.0.5.tgz"
      }
    },
    "apollo-server-core": {
      "version": "https://registry.npmjs.org/apollo-server-core/-/apollo-server-core-1.2.0.tgz",
      "integrity": "sha1-6FHEdESZG2+J+IUpI3B2uD4B6O4=",
      "requires": {
        "apollo-cache-control": "https://registry.npmjs.org/apollo-cache-control/-/apollo-cache-control-0.0.7.tgz",
        "apollo-tracing": "https://registry.npmjs.org/apollo-tracing/-/apollo-tracing-0.1.1.tgz",
        "graphql-extensions": "https://registry.npmjs.org/graphql-extensions/-/graphql-extensions-0.0.5.tgz"
      }
    },
    "apollo-server-express": {
      "version": "https://registry.npmjs.org/apollo-server-express/-/apollo-server-express-1.2.0.tgz",
      "integrity": "sha1-AmsStFO47KxgRLIFtqhf5Zb7X54=",
      "requires": {
        "apollo-server-core": "https://registry.npmjs.org/apollo-server-core/-/apollo-server-core-1.2.0.tgz",
        "apollo-server-module-graphiql": "https://registry.npmjs.org/apollo-server-module-graphiql/-/apollo-server-module-graphiql-1.2.0.tgz"
      }
    },
    "apollo-server-module-graphiql": {
      "version": "https://registry.npmjs.org/apollo-server-module-graphiql/-/apollo-server-module-graphiql-1.2.0.tgz",
      "integrity": "sha1-iZ2E87dHeV27/INUqlFiLvA4FRw="
    },
    "apollo-tracing": {
      "version": "https://registry.npmjs.org/apollo-tracing/-/apollo-tracing-0.1.1.tgz",
      "integrity": "sha1-elcHVD/BAvgc2nukW5gzGoKmdQs=",
      "requires": {
        "graphql-extensions": "https://registry.npmjs.org/graphql-extensions/-/graphql-extensions-0.0.5.tgz"
      }
    },
    "apollo-utilities": {
      "version": "https://registry.npmjs.org/apollo-utilities/-/apollo-utilities-1.0.1.tgz",
      "integrity": "sha1-NLTfC9btcdCvqnxiSJFz3KXQfpI="
    },
    "array-flatten": {
      "version": "http://npm.paypal.com/repository/npm-all/array-flatten/-/array-flatten-1.1.1.tgz",
      "integrity": "sha1-ml9pkFGx5wczKPKgCJaLZOopVdI="
    },
    "body-parser": {
      "version": "http://npm.paypal.com/repository/npm-all/body-parser/-/body-parser-1.18.2.tgz",
      "integrity": "sha1-h2eKGdhLR9hZuDGZvVm84iKxBFQ=",
      "requires": {
        "bytes": "http://npm.paypal.com/repository/npm-all/bytes/-/bytes-3.0.0.tgz",
        "content-type": "https://npm.paypal.com/repository/npm-all/content-type/-/content-type-1.0.4.tgz",
        "debug": "http://npm.paypal.com/repository/npm-all/debug/-/debug-2.6.9.tgz",
        "depd": "https://npm.paypal.com/repository/npm-all/depd/-/depd-1.1.1.tgz",
        "http-errors": "https://npm.paypal.com/repository/npm-all/http-errors/-/http-errors-1.6.2.tgz",
        "iconv-lite": "http://npm.paypal.com/repository/npm-all/iconv-lite/-/iconv-lite-0.4.19.tgz",
        "on-finished": "https://npm.paypal.com/repository/npm-all/on-finished/-/on-finished-2.3.0.tgz",
        "qs": "http://npm.paypal.com/repository/npm-all/qs/-/qs-6.5.1.tgz",
        "raw-body": "http://npm.paypal.com/repository/npm-all/raw-body/-/raw-body-2.3.2.tgz",
        "type-is": "https://npm.paypal.com/repository/npm-all/type-is/-/type-is-1.6.15.tgz"
      }
    },
    "bytes": {
      "version": "http://npm.paypal.com/repository/npm-all/bytes/-/bytes-3.0.0.tgz",
      "integrity": "sha1-0ygVQE1olpn4Wk6k+odV3ROpYEg="
    },
    "content-disposition": {
      "version": "http://npm.paypal.com/repository/npm-all/content-disposition/-/content-disposition-0.5.2.tgz",
      "integrity": "sha1-DPaLud318r55YcOoUXjLhdunjLQ="
    },
    "content-type": {
      "version": "https://npm.paypal.com/repository/npm-all/content-type/-/content-type-1.0.4.tgz",
      "integrity": "sha1-4TjMdeBAxyexlm/l5fjJruJW/js="
    },
    "cookie": {
      "version": "http://npm.paypal.com/repository/npm-all/cookie/-/cookie-0.3.1.tgz",
      "integrity": "sha1-5+Ch+e9DtMi6klxcWpboBtFoc7s="
    },
    "cookie-signature": {
      "version": "http://npm.paypal.com/repository/npm-all/cookie-signature/-/cookie-signature-1.0.6.tgz",
      "integrity": "sha1-4wOogrNCzD7oylE6eZmXNNqzriw="
    },
    "core-js": {
      "version": "http://npm.paypal.com/repository/npm-all/core-js/-/core-js-2.5.1.tgz",
      "integrity": "sha1-rmh03GaTd4m4B1T/VCjfZoGcpQs="
    },
    "debug": {
      "version": "http://npm.paypal.com/repository/npm-all/debug/-/debug-2.6.9.tgz",
      "integrity": "sha1-XRKFFd8TT/Mn6QpMk/Tgd6U2NB8=",
      "requires": {
        "ms": "http://npm.paypal.com/repository/npm-all/ms/-/ms-2.0.0.tgz"
      }
    },
    "depd": {
      "version": "https://npm.paypal.com/repository/npm-all/depd/-/depd-1.1.1.tgz",
      "integrity": "sha1-V4O04cRZ8G+lyif5kfPQbnoxA1k="
    },
    "deprecated-decorator": {
      "version": "https://registry.npmjs.org/deprecated-decorator/-/deprecated-decorator-0.1.6.tgz",
      "integrity": "sha1-AJZjF7ehL+kvPMgx91g68ym4bDc="
    },
    "destroy": {
      "version": "https://npm.paypal.com/repository/npm-all/destroy/-/destroy-1.0.4.tgz",
      "integrity": "sha1-l4hXRCxEdJ5CBmE+N5RiBYJqvYA="
    },
    "ee-first": {
      "version": "http://npm.paypal.com/repository/npm-all/ee-first/-/ee-first-1.1.1.tgz",
      "integrity": "sha1-WQxhFWsK4vTwJVcyoViyZrxWsh0="
    },
    "encodeurl": {
      "version": "https://npm.paypal.com/repository/npm-all/encodeurl/-/encodeurl-1.0.1.tgz",
      "integrity": "sha1-eePVhlU0aQn+bw9Fpd5oEDspTSA="
    },
    "escape-html": {
      "version": "https://npm.paypal.com/repository/npm-all/escape-html/-/escape-html-1.0.3.tgz",
      "integrity": "sha1-Aljq5NPQwJdN4cFpGI7wBR0dGYg="
    },
    "etag": {
      "version": "http://npm.paypal.com/repository/npm-all/etag/-/etag-1.8.1.tgz",
      "integrity": "sha1-Qa4u62XvpiJorr/qg6x9eSmbCIc="
    },
    "express": {
      "version": "https://npm.paypal.com/repository/npm-all/express/-/express-4.16.2.tgz",
      "integrity": "sha1-41xt/i1kt9ygpc1PIXgb4ymeB2w=",
      "requires": {
        "accepts": "https://npm.paypal.com/repository/npm-all/accepts/-/accepts-1.3.4.tgz",
        "array-flatten": "http://npm.paypal.com/repository/npm-all/array-flatten/-/array-flatten-1.1.1.tgz",
        "body-parser": "http://npm.paypal.com/repository/npm-all/body-parser/-/body-parser-1.18.2.tgz",
        "content-disposition": "http://npm.paypal.com/repository/npm-all/content-disposition/-/content-disposition-0.5.2.tgz",
        "content-type": "https://npm.paypal.com/repository/npm-all/content-type/-/content-type-1.0.4.tgz",
        "cookie": "http://npm.paypal.com/repository/npm-all/cookie/-/cookie-0.3.1.tgz",
        "cookie-signature": "http://npm.paypal.com/repository/npm-all/cookie-signature/-/cookie-signature-1.0.6.tgz",
        "debug": "http://npm.paypal.com/repository/npm-all/debug/-/debug-2.6.9.tgz",
        "depd": "https://npm.paypal.com/repository/npm-all/depd/-/depd-1.1.1.tgz",
        "encodeurl": "https://npm.paypal.com/repository/npm-all/encodeurl/-/encodeurl-1.0.1.tgz",
        "escape-html": "https://npm.paypal.com/repository/npm-all/escape-html/-/escape-html-1.0.3.tgz",
        "etag": "http://npm.paypal.com/repository/npm-all/etag/-/etag-1.8.1.tgz",
        "finalhandler": "http://npm.paypal.com/repository/npm-all/finalhandler/-/finalhandler-1.1.0.tgz",
        "fresh": "http://npm.paypal.com/repository/npm-all/fresh/-/fresh-0.5.2.tgz",
        "merge-descriptors": "http://npm.paypal.com/repository/npm-all/merge-descriptors/-/merge-descriptors-1.0.1.tgz",
        "methods": "http://npm.paypal.com/repository/npm-all/methods/-/methods-1.1.2.tgz",
        "on-finished": "https://npm.paypal.com/repository/npm-all/on-finished/-/on-finished-2.3.0.tgz",
        "parseurl": "https://npm.paypal.com/repository/npm-all/parseurl/-/parseurl-1.3.2.tgz",
        "path-to-regexp": "http://npm.paypal.com/repository/npm-all/path-to-regexp/-/path-to-regexp-0.1.7.tgz",
        "proxy-addr": "https://npm.paypal.com/repository/npm-all/proxy-addr/-/proxy-addr-2.0.2.tgz",
        "qs": "http://npm.paypal.com/repository/npm-all/qs/-/qs-6.5.1.tgz",
        "range-parser": "https://npm.paypal.com/repository/npm-all/range-parser/-/range-parser-1.2.0.tgz",
        "safe-buffer": "http://npm.paypal.com/repository/npm-all/safe-buffer/-/safe-buffer-5.1.1.tgz",
        "send": "http://npm.paypal.com/repository/npm-all/send/-/send-0.16.1.tgz",
        "serve-static": "http://npm.paypal.com/repository/npm-all/serve-static/-/serve-static-1.13.1.tgz",
        "setprototypeof": "http://npm.paypal.com/repository/npm-all/setprototypeof/-/setprototypeof-1.1.0.tgz",
        "statuses": "https://npm.paypal.com/repository/npm-all/statuses/-/statuses-1.3.1.tgz",
        "type-is": "https://npm.paypal.com/repository/npm-all/type-is/-/type-is-1.6.15.tgz",
        "utils-merge": "http://npm.paypal.com/repository/npm-all/utils-merge/-/utils-merge-1.0.1.tgz",
        "vary": "https://npm.paypal.com/repository/npm-all/vary/-/vary-1.1.2.tgz"
      },
      "dependencies": {
        "setprototypeof": {
          "version": "http://npm.paypal.com/repository/npm-all/setprototypeof/-/setprototypeof-1.1.0.tgz",
          "integrity": "sha1-0L2FU2iHtv58DYGMuWLZ2RxU5lY="
        },
        "statuses": {
          "version": "https://npm.paypal.com/repository/npm-all/statuses/-/statuses-1.3.1.tgz",
          "integrity": "sha1-+vUbnrdKrvOzrPStX2Gr8ky3uT4="
        }
      }
    },
    "finalhandler": {
      "version": "http://npm.paypal.com/repository/npm-all/finalhandler/-/finalhandler-1.1.0.tgz",
      "integrity": "sha1-zgtoVbRYU+eRsvzGgARtiCU91/U=",
      "requires": {
        "debug": "http://npm.paypal.com/repository/npm-all/debug/-/debug-2.6.9.tgz",
        "encodeurl": "https://npm.paypal.com/repository/npm-all/encodeurl/-/encodeurl-1.0.1.tgz",
        "escape-html": "https://npm.paypal.com/repository/npm-all/escape-html/-/escape-html-1.0.3.tgz",
        "on-finished": "https://npm.paypal.com/repository/npm-all/on-finished/-/on-finished-2.3.0.tgz",
        "parseurl": "https://npm.paypal.com/repository/npm-all/parseurl/-/parseurl-1.3.2.tgz",
        "statuses": "https://npm.paypal.com/repository/npm-all/statuses/-/statuses-1.3.1.tgz",
        "unpipe": "http://npm.paypal.com/repository/npm-all/unpipe/-/unpipe-1.0.0.tgz"
      },
      "dependencies": {
        "statuses": {
          "version": "https://npm.paypal.com/repository/npm-all/statuses/-/statuses-1.3.1.tgz",
          "integrity": "sha1-+vUbnrdKrvOzrPStX2Gr8ky3uT4="
        }
      }
    },
    "forwarded": {
      "version": "https://npm.paypal.com/repository/npm-all/forwarded/-/forwarded-0.1.2.tgz",
      "integrity": "sha1-mMI9qxF1ZXuMBXPozszZGw/xjIQ="
    },
    "fresh": {
      "version": "http://npm.paypal.com/repository/npm-all/fresh/-/fresh-0.5.2.tgz",
      "integrity": "sha1-PYyt2Q2XZWn6g1qx+OSyOhBWBac="
    },
    "graphql": {
      "version": "https://registry.npmjs.org/graphql/-/graphql-0.11.7.tgz",
      "integrity": "sha1-5auqnLe3zMuE6fCDa/Q3DSaHUMY=",
      "requires": {
        "iterall": "https://registry.npmjs.org/iterall/-/iterall-1.1.3.tgz"
      }
    },
    "graphql-extensions": {
      "version": "https://registry.npmjs.org/graphql-extensions/-/graphql-extensions-0.0.5.tgz",
      "integrity": "sha1-Y7xKP9MaqxK/rfeDy8A4qaaTfPA=",
      "requires": {
        "core-js": "http://npm.paypal.com/repository/npm-all/core-js/-/core-js-2.5.1.tgz",
        "source-map-support": "https://registry.npmjs.org/source-map-support/-/source-map-support-0.5.0.tgz"
      }
    },
    "graphql-tools": {
      "version": "https://registry.npmjs.org/graphql-tools/-/graphql-tools-2.7.2.tgz",
      "integrity": "sha1-AxBKFVsV+EQbDlpxE7ErlRI0Gp4=",
      "requires": {
        "apollo-utilities": "https://registry.npmjs.org/apollo-utilities/-/apollo-utilities-1.0.1.tgz",
        "deprecated-decorator": "https://registry.npmjs.org/deprecated-decorator/-/deprecated-decorator-0.1.6.tgz",
        "uuid": "http://npm.paypal.com/repository/npm-all/uuid/-/uuid-3.1.0.tgz"
      }
    },
    "http-errors": {
      "version": "https://npm.paypal.com/repository/npm-all/http-errors/-/http-errors-1.6.2.tgz",
      "integrity": "sha1-CgAsyFcHGSp+eUbO7cERVfYOxzY=",
      "requires": {
        "depd": "https://npm.paypal.com/repository/npm-all/depd/-/depd-1.1.1.tgz",
        "inherits": "http://npm.paypal.com/repository/npm-all/inherits/-/inherits-2.0.3.tgz",
        "setprototypeof": "http://npm.paypal.com/repository/npm-all/setprototypeof/-/setprototypeof-1.0.3.tgz",
        "statuses": "https://registry.npmjs.org/statuses/-/statuses-1.4.0.tgz"
      }
    },
    "iconv-lite": {
      "version": "http://npm.paypal.com/repository/npm-all/iconv-lite/-/iconv-lite-0.4.19.tgz",
      "integrity": "sha1-90aPYBNfXl2tM5nAqBvpoWA6CCs="
    },
    "inherits": {
      "version": "http://npm.paypal.com/repository/npm-all/inherits/-/inherits-2.0.3.tgz",
      "integrity": "sha1-Yzwsg+PaQqUC9SRmAiSA9CCCYd4="
    },
    "ipaddr.js": {
      "version": "http://npm.paypal.com/repository/npm-all/ipaddr.js/-/ipaddr.js-1.5.2.tgz",
      "integrity": "sha1-1LUFvemUaYfM8PxY2QEP+WB+P6A="
    },
    "iterall": {
      "version": "https://registry.npmjs.org/iterall/-/iterall-1.1.3.tgz",
      "integrity": "sha1-HLv/liBAVt3mZW4u0uIibQ5tcsk="
    },
    "marked": {
      "version": "0.3.6",
      "resolved": "https://registry.npmjs.org/marked/-/marked-0.3.6.tgz",
      "integrity": "sha1-ssbGGPzOzk74bE/Gy4p8v1rtqNc="
    },
    "media-typer": {
      "version": "http://npm.paypal.com/repository/npm-all/media-typer/-/media-typer-0.3.0.tgz",
      "integrity": "sha1-hxDXrwqmJvj/+hzgAWhUUmMlV0g="
    },
    "merge-descriptors": {
      "version": "http://npm.paypal.com/repository/npm-all/merge-descriptors/-/merge-descriptors-1.0.1.tgz",
      "integrity": "sha1-sAqqVW3YtEVoFQ7J0blT8/kMu2E="
    },
    "methods": {
      "version": "http://npm.paypal.com/repository/npm-all/methods/-/methods-1.1.2.tgz",
      "integrity": "sha1-VSmk1nZUE07cxSZmVoNbD4Ua/O4="
    },
    "mime": {
      "version": "http://npm.paypal.com/repository/npm-all/mime/-/mime-1.4.1.tgz",
      "integrity": "sha1-Eh+evEnjdm8xGnbh+hyAA8SwOqY="
    },
    "mime-db": {
      "version": "http://npm.paypal.com/repository/npm-all/mime-db/-/mime-db-1.30.0.tgz",
      "integrity": "sha1-dMZD2i3Z1qRTmZY0ZbJtXKfXHwE="
    },
    "mime-types": {
      "version": "https://npm.paypal.com/repository/npm-all/mime-types/-/mime-types-2.1.17.tgz",
      "integrity": "sha1-Cdejk/A+mVp5+K+Fe3Cp4KsWVXo=",
      "requires": {
        "mime-db": "http://npm.paypal.com/repository/npm-all/mime-db/-/mime-db-1.30.0.tgz"
      }
    },
    "ms": {
      "version": "http://npm.paypal.com/repository/npm-all/ms/-/ms-2.0.0.tgz",
      "integrity": "sha1-VgiurfwAvmwpAd9fmGF4jeDVl8g="
    },
    "negotiator": {
      "version": "http://npm.paypal.com/repository/npm-all/negotiator/-/negotiator-0.6.1.tgz",
      "integrity": "sha1-KzJxhOiZIQEXeyhWP7XnECrNDKk="
    },
    "on-finished": {
      "version": "https://npm.paypal.com/repository/npm-all/on-finished/-/on-finished-2.3.0.tgz",
      "integrity": "sha1-IPEzZIGwg811M3mSoWlxqi2QaUc=",
      "requires": {
        "ee-first": "http://npm.paypal.com/repository/npm-all/ee-first/-/ee-first-1.1.1.tgz"
      }
    },
    "parseurl": {
      "version": "https://npm.paypal.com/repository/npm-all/parseurl/-/parseurl-1.3.2.tgz",
      "integrity": "sha1-/CidTtiZMRlGDBViUyYs3I3mW/M="
    },
    "path-to-regexp": {
      "version": "http://npm.paypal.com/repository/npm-all/path-to-regexp/-/path-to-regexp-0.1.7.tgz",
      "integrity": "sha1-32BBeABfUi8V60SQ5yR6G/qmf4w="
    },
    "proxy-addr": {
      "version": "https://npm.paypal.com/repository/npm-all/proxy-addr/-/proxy-addr-2.0.2.tgz",
      "integrity": "sha1-ZXFQT0e7mI7IGAJT+F3X4UlSvew=",
      "requires": {
        "forwarded": "https://npm.paypal.com/repository/npm-all/forwarded/-/forwarded-0.1.2.tgz",
        "ipaddr.js": "http://npm.paypal.com/repository/npm-all/ipaddr.js/-/ipaddr.js-1.5.2.tgz"
      }
    },
    "qs": {
      "version": "http://npm.paypal.com/repository/npm-all/qs/-/qs-6.5.1.tgz",
      "integrity": "sha1-NJzfbu+J7EXBLX1es/wMhwNDptg="
    },
    "range-parser": {
      "version": "https://npm.paypal.com/repository/npm-all/range-parser/-/range-parser-1.2.0.tgz",
      "integrity": "sha1-9JvmtIeJTdxA3MlKMi9hEJLgDV4="
    },
    "raw-body": {
      "version": "http://npm.paypal.com/repository/npm-all/raw-body/-/raw-body-2.3.2.tgz",
      "integrity": "sha1-vNYMd9Prk83gBQKVw/N5OJvIj4k=",
      "requires": {
        "bytes": "http://npm.paypal.com/repository/npm-all/bytes/-/bytes-3.0.0.tgz",
        "http-errors": "https://npm.paypal.com/repository/npm-all/http-errors/-/http-errors-1.6.2.tgz",
        "iconv-lite": "http://npm.paypal.com/repository/npm-all/iconv-lite/-/iconv-lite-0.4.19.tgz",
        "unpipe": "http://npm.paypal.com/repository/npm-all/unpipe/-/unpipe-1.0.0.tgz"
      }
    },
    "safe-buffer": {
      "version": "http://npm.paypal.com/repository/npm-all/safe-buffer/-/safe-buffer-5.1.1.tgz",
      "integrity": "sha1-iTMSr2myEj3vcfV4iQAWce6yyFM="
    },
    "send": {
      "version": "http://npm.paypal.com/repository/npm-all/send/-/send-0.16.1.tgz",
      "integrity": "sha1-pw4coh0TgsEdDZ9iMd6ygQgNerM=",
      "requires": {
        "debug": "http://npm.paypal.com/repository/npm-all/debug/-/debug-2.6.9.tgz",
        "depd": "https://npm.paypal.com/repository/npm-all/depd/-/depd-1.1.1.tgz",
        "destroy": "https://npm.paypal.com/repository/npm-all/destroy/-/destroy-1.0.4.tgz",
        "encodeurl": "https://npm.paypal.com/repository/npm-all/encodeurl/-/encodeurl-1.0.1.tgz",
        "escape-html": "https://npm.paypal.com/repository/npm-all/escape-html/-/escape-html-1.0.3.tgz",
        "etag": "http://npm.paypal.com/repository/npm-all/etag/-/etag-1.8.1.tgz",
        "fresh": "http://npm.paypal.com/repository/npm-all/fresh/-/fresh-0.5.2.tgz",
        "http-errors": "https://npm.paypal.com/repository/npm-all/http-errors/-/http-errors-1.6.2.tgz",
        "mime": "http://npm.paypal.com/repository/npm-all/mime/-/mime-1.4.1.tgz",
        "ms": "http://npm.paypal.com/repository/npm-all/ms/-/ms-2.0.0.tgz",
        "on-finished": "https://npm.paypal.com/repository/npm-all/on-finished/-/on-finished-2.3.0.tgz",
        "range-parser": "https://npm.paypal.com/repository/npm-all/range-parser/-/range-parser-1.2.0.tgz",
        "statuses": "https://npm.paypal.com/repository/npm-all/statuses/-/statuses-1.3.1.tgz"
      },
      "dependencies": {
        "statuses": {
          "version": "https://npm.paypal.com/repository/npm-all/statuses/-/statuses-1.3.1.tgz",
          "integrity": "sha1-+vUbnrdKrvOzrPStX2Gr8ky3uT4="
        }
      }
    },
    "serve-static": {
      "version": "http://npm.paypal.com/repository/npm-all/serve-static/-/serve-static-1.13.1.tgz",
      "integrity": "sha1-TFfVNASnYdjy58HooYpH2/J4pxk=",
      "requires": {
        "encodeurl": "https://npm.paypal.com/repository/npm-all/encodeurl/-/encodeurl-1.0.1.tgz",
        "escape-html": "https://npm.paypal.com/repository/npm-all/escape-html/-/escape-html-1.0.3.tgz",
        "parseurl": "https://npm.paypal.com/repository/npm-all/parseurl/-/parseurl-1.3.2.tgz",
        "send": "http://npm.paypal.com/repository/npm-all/send/-/send-0.16.1.tgz"
      }
    },
    "setprototypeof": {
      "version": "http://npm.paypal.com/repository/npm-all/setprototypeof/-/setprototypeof-1.0.3.tgz",
      "integrity": "sha1-ZlZ+NwQ+608E2RvWWMDL77VbjgQ="
    },
    "source-map": {
      "version": "http://npm.paypal.com/repository/npm-all/source-map/-/source-map-0.6.1.tgz",
      "integrity": "sha1-dHIq8y6WFOnCh6jQu95IteLxomM="
    },
    "source-map-support": {
      "version": "https://registry.npmjs.org/source-map-support/-/source-map-support-0.5.0.tgz",
      "integrity": "sha1-IBinrSvfj68mkeX92rJr7VorrKs=",
      "requires": {
        "source-map": "http://npm.paypal.com/repository/npm-all/source-map/-/source-map-0.6.1.tgz"
      }
    },
    "statuses": {
      "version": "https://registry.npmjs.org/statuses/-/statuses-1.4.0.tgz",
      "integrity": "sha1-u3PURtonlhBu/MG2AaJT1sRr0Ic="
    },
    "type-is": {
      "version": "https://npm.paypal.com/repository/npm-all/type-is/-/type-is-1.6.15.tgz",
      "integrity": "sha1-yrEPtJCeRByChC6v4a1kbIGARBA=",
      "requires": {
        "media-typer": "http://npm.paypal.com/repository/npm-all/media-typer/-/media-typer-0.3.0.tgz",
        "mime-types": "https://npm.paypal.com/repository/npm-all/mime-types/-/mime-types-2.1.17.tgz"
      }
    },
    "unpipe": {
      "version": "http://npm.paypal.com/repository/npm-all/unpipe/-/unpipe-1.0.0.tgz",
      "integrity": "sha1-sr9O6FFKrmFltIF4KdIbLvSZBOw="
    },
    "utils-merge": {
      "version": "http://npm.paypal.com/repository/npm-all/utils-merge/-/utils-merge-1.0.1.tgz",
      "integrity": "sha1-n5VxD1CiZ5R7LMwSR0HBAoQn5xM="
    },
    "uuid": {
      "version": "http://npm.paypal.com/repository/npm-all/uuid/-/uuid-3.1.0.tgz",
      "integrity": "sha1-PdPT55Crwk17DToDT/q6vijrvAQ="
    },
    "vary": {
      "version": "https://npm.paypal.com/repository/npm-all/vary/-/vary-1.1.2.tgz",
      "integrity": "sha1-IpnwLG3tMNSllhsLn3RSShj2NPw="
    }
  }
}
